{
  "name": "Exercise-AnhPhu",
  "lockfileVersion": 2,
  "requires": true,
  "packages": {
    "": {
      "dependencies": {
        "hotkeys-js": "^3.10.0"
      }
    },
    "node_modules/hotkeys-js": {
      "version": "3.10.0",
      "resolved": "https://registry.npmjs.org/hotkeys-js/-/hotkeys-js-3.10.0.tgz",
      "integrity": "sha512-20xeVdOqcgTkMox0+BqFwADZP7+5dy/9CFPpAinSMh2d0s3b0Hs2V2D+lMh4Hphkf7VE9pwnOl58eP1te+REcg=="
    }
  },
  "dependencies": {
    "hotkeys-js": {
      "version": "3.10.0",
      "resolved": "https://registry.npmjs.org/hotkeys-js/-/hotkeys-js-3.10.0.tgz",
      "integrity": "sha512-20xeVdOqcgTkMox0+BqFwADZP7+5dy/9CFPpAinSMh2d0s3b0Hs2V2D+lMh4Hphkf7VE9pwnOl58eP1te+REcg=="
    }
  }
}
